
Microsoft Visual Studio Solution File, Format Version 12.00
# Visual Studio 15
Project("{FAE04EC0-301F-11D3-BF4B-00C04F79EFBC}") = "Tamagochi", "Tamagochi.csproj", "{F4FB5292-1882-477F-A94A-05D4FF9831FD}"
EndProject
Project("{FAE04EC0-301F-11D3-BF4B-00C04F79EFBC}") = "Tamaagotchi", "Tamaagotchi\Tamaagotchi.csproj", "{077AD99B-9121-4F18-8FC1-02900243BE74}"
EndProject
Project("{FAE04EC0-301F-11D3-BF4B-00C04F79EFBC}") = "Program", "Program\Program.csproj", "{CAB871B4-740D-4F58-B74C-E56198DEF3D7}"
EndProject
Global
	GlobalSection(SolutionConfigurationPlatforms) = preSolution
		Debug|Any CPU = Debug|Any CPU
		Release|Any CPU = Release|Any CPU
	EndGlobalSection
	GlobalSection(ProjectConfigurationPlatforms) = postSolution
		{F4FB5292-1882-477F-A94A-05D4FF9831FD}.Debug|Any CPU.ActiveCfg = Debug|Any CPU
		{F4FB5292-1882-477F-A94A-05D4FF9831FD}.Debug|Any CPU.Build.0 = Debug|Any CPU
		{F4FB5292-1882-477F-A94A-05D4FF9831FD}.Release|Any CPU.ActiveCfg = Release|Any CPU
		{F4FB5292-1882-477F-A94A-05D4FF9831FD}.Release|Any CPU.Build.0 = Release|Any CPU
		{077AD99B-9121-4F18-8FC1-02900243BE74}.Debug|Any CPU.ActiveCfg = Debug|Any CPU
		{077AD99B-9121-4F18-8FC1-02900243BE74}.Debug|Any CPU.Build.0 = Debug|Any CPU
		{077AD99B-9121-4F18-8FC1-02900243BE74}.Release|Any CPU.ActiveCfg = Release|Any CPU
		{077AD99B-9121-4F18-8FC1-02900243BE74}.Release|Any CPU.Build.0 = Release|Any CPU
		{CAB871B4-740D-4F58-B74C-E56198DEF3D7}.Debug|Any CPU.ActiveCfg = Debug|Any CPU
		{CAB871B4-740D-4F58-B74C-E56198DEF3D7}.Debug|Any CPU.Build.0 = Debug|Any CPU
		{CAB871B4-740D-4F58-B74C-E56198DEF3D7}.Release|Any CPU.ActiveCfg = Release|Any CPU
		{CAB871B4-740D-4F58-B74C-E56198DEF3D7}.Release|Any CPU.Build.0 = Release|Any CPU
	EndGlobalSection
EndGlobal
